
Microsoft Visual Studio Solution File, Format Version 12.00
# Visual Studio Version 17
VisualStudioVersion = 17.0.32014.148
MinimumVisualStudioVersion = 10.0.40219.1
Project("{FAE04EC0-301F-11D3-BF4B-00C04F79EFBC}") = "WeatherAppFMW", "WeatherAppFMW\WeatherAppFMW.csproj", "{2761CAFA-6A79-4BE1-9D37-8EC6A81F20E4}"
EndProject
Project("{FAE04EC0-301F-11D3-BF4B-00C04F79EFBC}") = "WeatherAppFMW.Models", "WeatherAppFMW.Models\WeatherAppFMW.Models.csproj", "{FEFBB252-D650-40E7-AA44-61CD39160134}"
EndProject
Project("{FAE04EC0-301F-11D3-BF4B-00C04F79EFBC}") = "WeatherAppFMW.Providers", "WeatherAppFMW.Providers\WeatherAppFMW.Providers.csproj", "{4CC0D1D7-24A9-4166-BE50-63B55E486499}"
EndProject
Project("{FAE04EC0-301F-11D3-BF4B-00C04F79EFBC}") = "WeatherAppFMW.Providers.Tests", "WeatherAppFMW.Providers.Tests\WeatherAppFMW.Providers.Tests.csproj", "{42ADE523-E577-4498-BA20-94F030641A73}"
EndProject
Global
	GlobalSection(SolutionConfigurationPlatforms) = preSolution
		Debug|Any CPU = Debug|Any CPU
		Release|Any CPU = Release|Any CPU
	EndGlobalSection
	GlobalSection(ProjectConfigurationPlatforms) = postSolution
		{2761CAFA-6A79-4BE1-9D37-8EC6A81F20E4}.Debug|Any CPU.ActiveCfg = Debug|Any CPU
		{2761CAFA-6A79-4BE1-9D37-8EC6A81F20E4}.Debug|Any CPU.Build.0 = Debug|Any CPU
		{2761CAFA-6A79-4BE1-9D37-8EC6A81F20E4}.Release|Any CPU.ActiveCfg = Release|Any CPU
		{2761CAFA-6A79-4BE1-9D37-8EC6A81F20E4}.Release|Any CPU.Build.0 = Release|Any CPU
		{FEFBB252-D650-40E7-AA44-61CD39160134}.Debug|Any CPU.ActiveCfg = Debug|Any CPU
		{FEFBB252-D650-40E7-AA44-61CD39160134}.Debug|Any CPU.Build.0 = Debug|Any CPU
		{FEFBB252-D650-40E7-AA44-61CD39160134}.Release|Any CPU.ActiveCfg = Release|Any CPU
		{FEFBB252-D650-40E7-AA44-61CD39160134}.Release|Any CPU.Build.0 = Release|Any CPU
		{4CC0D1D7-24A9-4166-BE50-63B55E486499}.Debug|Any CPU.ActiveCfg = Debug|Any CPU
		{4CC0D1D7-24A9-4166-BE50-63B55E486499}.Debug|Any CPU.Build.0 = Debug|Any CPU
		{4CC0D1D7-24A9-4166-BE50-63B55E486499}.Release|Any CPU.ActiveCfg = Release|Any CPU
		{4CC0D1D7-24A9-4166-BE50-63B55E486499}.Release|Any CPU.Build.0 = Release|Any CPU
		{42ADE523-E577-4498-BA20-94F030641A73}.Debug|Any CPU.ActiveCfg = Debug|Any CPU
		{42ADE523-E577-4498-BA20-94F030641A73}.Debug|Any CPU.Build.0 = Debug|Any CPU
		{42ADE523-E577-4498-BA20-94F030641A73}.Release|Any CPU.ActiveCfg = Release|Any CPU
		{42ADE523-E577-4498-BA20-94F030641A73}.Release|Any CPU.Build.0 = Release|Any CPU
	EndGlobalSection
	GlobalSection(SolutionProperties) = preSolution
		HideSolutionNode = FALSE
	EndGlobalSection
	GlobalSection(ExtensibilityGlobals) = postSolution
		SolutionGuid = {50A6013F-AE0A-484C-A33F-F3F47DA7B7D1}
	EndGlobalSection
EndGlobal
